
Microsoft Visual Studio Solution File, Format Version 12.00
# Visual Studio 15
VisualStudioVersion = 15.0.27004.2009
MinimumVisualStudioVersion = 10.0.40219.1
Project("{FAE04EC0-301F-11D3-BF4B-00C04F79EFBC}") = "blob-saver", "blob-saver\blob-saver.csproj", "{63C088A3-21D0-43BE-82B7-423ACA2FC97B}"
EndProject
Global
	GlobalSection(SolutionConfigurationPlatforms) = preSolution
		Debug|Any CPU = Debug|Any CPU
		Release|Any CPU = Release|Any CPU
	EndGlobalSection
	GlobalSection(ProjectConfigurationPlatforms) = postSolution
		{63C088A3-21D0-43BE-82B7-423ACA2FC97B}.Debug|Any CPU.ActiveCfg = Debug|Any CPU
		{63C088A3-21D0-43BE-82B7-423ACA2FC97B}.Debug|Any CPU.Build.0 = Debug|Any CPU
		{63C088A3-21D0-43BE-82B7-423ACA2FC97B}.Release|Any CPU.ActiveCfg = Release|Any CPU
		{63C088A3-21D0-43BE-82B7-423ACA2FC97B}.Release|Any CPU.Build.0 = Release|Any CPU
	EndGlobalSection
	GlobalSection(SolutionProperties) = preSolution
		HideSolutionNode = FALSE
	EndGlobalSection
	GlobalSection(ExtensibilityGlobals) = postSolution
		SolutionGuid = {6C1719C8-7157-4B6B-8F38-D93BE3E3428D}
	EndGlobalSection
EndGlobal
